<?xml version="1.0" encoding="utf-8"?>
<Project ToolsVersion="4.0" xmlns="http://schemas.microsoft.com/developer/msbuild/2003">
  <ItemGroup>
    <Filter Include="源文件">
      <UniqueIdentifier>{4FC737F1-C7A5-4376-A066-2A32D752A2FF}</UniqueIdentifier>
      <Extensions>cpp;c;cc;cxx;c++;cppm;ixx;def;odl;idl;hpj;bat;asm;asmx</Extensions>
    </Filter>
    <Filter Include="头文件">
      <UniqueIdentifier>{93995380-89BD-4b04-88EB-625FBE52EBFB}</UniqueIdentifier>
      <Extensions>h;hh;hpp;hxx;h++;hm;inl;inc;ipp;xsd</Extensions>
    </Filter>
    <Filter Include="资源文件">
      <UniqueIdentifier>{67DA6AB6-F800-4c08-8B7A-83BB121AAD01}</UniqueIdentifier>
      <Extensions>rc;ico;cur;bmp;dlg;rc2;rct;bin;rgs;gif;jpg;jpeg;jpe;resx;tiff;tif;png;wav;mfcribbon-ms</Extensions>
    </Filter>
  </ItemGroup>
  <ItemGroup>
    <ClCompile Include="Armor\ArmorBox.cpp">
      <Filter>源文件</Filter>
    </ClCompile>
    <ClCompile Include="Armor\ArmorDetector.cpp">
      <Filter>源文件</Filter>
    </ClCompile>
    <ClCompile Include="Armor\ArmorNumClassifier.cpp">
      <Filter>源文件</Filter>
    </ClCompile>
    <ClCompile Include="Armor\findLights.cpp">
      <Filter>源文件</Filter>
    </ClCompile>
    <ClCompile Include="Armor\LightBar.cpp">
      <Filter>源文件</Filter>
    </ClCompile>
    <ClCompile Include="Armor\matchArmors.cpp">
      <Filter>源文件</Filter>
    </ClCompile>
    <ClCompile Include="AngleSolver\AngleSolver.cpp">
      <Filter>源文件</Filter>
    </ClCompile>
    <ClCompile Include="GxCamera\GxCamera.cpp">
      <Filter>源文件</Filter>
    </ClCompile>
    <ClCompile Include="Main\ArmorDetecting.cpp">
      <Filter>源文件</Filter>
    </ClCompile>
    <ClCompile Include="Main\ImageUpdating.cpp">
      <Filter>源文件</Filter>
    </ClCompile>
    <ClCompile Include="Main\main.cpp">
      <Filter>源文件</Filter>
    </ClCompile>
  </ItemGroup>
  <ItemGroup>
    <ClInclude Include="AngleSolver\AngleSolver.h">
      <Filter>头文件</Filter>
    </ClInclude>
    <ClInclude Include="Armor\Armor.h">
      <Filter>头文件</Filter>
    </ClInclude>
    <ClInclude Include="GxCamera\GxSDK\GxIAPI.h">
      <Filter>头文件</Filter>
    </ClInclude>
    <ClInclude Include="General\General.h">
      <Filter>头文件</Filter>
    </ClInclude>
    <ClInclude Include="GxCamera\GxSDK\DxImageProc.h">
      <Filter>头文件</Filter>
    </ClInclude>
    <ClInclude Include="GxCamera\GxCamera.h">
      <Filter>头文件</Filter>
    </ClInclude>
  </ItemGroup>
  <ItemGroup>
    <Xml Include="General\camera_params.xml">
      <Filter>资源文件</Filter>
    </Xml>
    <Xml Include="General\123svm.xml">
      <Filter>资源文件</Filter>
    </Xml>
  </ItemGroup>
</Project>